// !$*UTF8*$!
{
	archiveVersion = 1;
	classes = {
	};
	objectVersion = 50;
	objects = {

/* Begin PBXBuildFile section */
		590EE10721EEEE2B0049A95D /* lunis.xcdatamodeld in Sources */ = {isa = PBXBuildFile; fileRef = 590EE10521EEEE2B0049A95D /* lunis.xcdatamodeld */; };
		590FAFDE22D3BAEE002C3F3C /* InfoPlist.strings in Resources */ = {isa = PBXBuildFile; fileRef = 590FAFE022D3BAEE002C3F3C /* InfoPlist.strings */; };
		591732AA227071A2007D4F61 /* CloudKitDelegate.swift in Sources */ = {isa = PBXBuildFile; fileRef = 591732A9227071A2007D4F61 /* CloudKitDelegate.swift */; };
		591D0F492176EB8800E8EE73 /* DataViewController.swift in Sources */ = {isa = PBXBuildFile; fileRef = 591D0F482176EB8800E8EE73 /* DataViewController.swift */; };
		591D320120C2D5460045205D /* DownloadViewController.swift in Sources */ = {isa = PBXBuildFile; fileRef = 591D320020C2D5460045205D /* DownloadViewController.swift */; };
		5921962022B16BFB00BE04F6 /* MapDelegate.swift in Sources */ = {isa = PBXBuildFile; fileRef = 5921961F22B16BFB00BE04F6 /* MapDelegate.swift */; };
		59233A87226F1EC3008F4EEE /* CloudKitController.swift in Sources */ = {isa = PBXBuildFile; fileRef = 59233A86226F1EC3008F4EEE /* CloudKitController.swift */; };
		59280DD0221ED403004E31F3 /* SchoolDistancesController.swift in Sources */ = {isa = PBXBuildFile; fileRef = 59280DCF221ED403004E31F3 /* SchoolDistancesController.swift */; };
		5935DD912237DCE4004E2FB7 /* Cell+CoreDataClass.swift in Sources */ = {isa = PBXBuildFile; fileRef = 5935DD8D2237DCE4004E2FB7 /* Cell+CoreDataClass.swift */; };
		5935DD932237DCE4004E2FB7 /* Grid+CoreDataClass.swift in Sources */ = {isa = PBXBuildFile; fileRef = 5935DD8F2237DCE4004E2FB7 /* Grid+CoreDataClass.swift */; };
		595A6AD122C69D4C00F8CB0F /* Localizable.strings in Resources */ = {isa = PBXBuildFile; fileRef = 595A6AD322C69D4C00F8CB0F /* Localizable.strings */; };
		5982227E20BEA49D00E7FD58 /* CoreData.framework in Frameworks */ = {isa = PBXBuildFile; fileRef = 5982227D20BEA49D00E7FD58 /* CoreData.framework */; };
		5985D5C3227C5C88002D9627 /* DecoderStructs.swift in Sources */ = {isa = PBXBuildFile; fileRef = 5985D5C2227C5C88002D9627 /* DecoderStructs.swift */; };
		5985D5C5227C5DEC002D9627 /* Decoder.swift in Sources */ = {isa = PBXBuildFile; fileRef = 5985D5C4227C5DEC002D9627 /* Decoder.swift */; };
		598EDE7C21F03B5A00C2634D /* DataController.swift in Sources */ = {isa = PBXBuildFile; fileRef = 598EDE7B21F03B5A00C2634D /* DataController.swift */; };
		59921C21219F487E00767876 /* FilterDataViewDelegate.swift in Sources */ = {isa = PBXBuildFile; fileRef = 59921C20219F487E00767876 /* FilterDataViewDelegate.swift */; };
		59A37E9C20BD50AA0050E48D /* AppDelegate.swift in Sources */ = {isa = PBXBuildFile; fileRef = 59A37E9B20BD50AA0050E48D /* AppDelegate.swift */; };
		59A37E9E20BD50AA0050E48D /* MapViewController.swift in Sources */ = {isa = PBXBuildFile; fileRef = 59A37E9D20BD50AA0050E48D /* MapViewController.swift */; };
		59A37EA520BD50AD0050E48D /* Assets.xcassets in Resources */ = {isa = PBXBuildFile; fileRef = 59A37EA420BD50AD0050E48D /* Assets.xcassets */; };
		59A37EA820BD50AD0050E48D /* LaunchScreen.storyboard in Resources */ = {isa = PBXBuildFile; fileRef = 59A37EA620BD50AD0050E48D /* LaunchScreen.storyboard */; };
		59A37EB320BD52250050E48D /* MapKit.framework in Frameworks */ = {isa = PBXBuildFile; fileRef = 59A37EB220BD52250050E48D /* MapKit.framework */; };
		59C674D121F18EC100353A53 /* School+CoreDataClass.swift in Sources */ = {isa = PBXBuildFile; fileRef = 59C674CD21F18EC100353A53 /* School+CoreDataClass.swift */; };
		59C674D321F18EC100353A53 /* Administration+CoreDataClass.swift in Sources */ = {isa = PBXBuildFile; fileRef = 59C674CF21F18EC100353A53 /* Administration+CoreDataClass.swift */; };
		59CDFEAE22A3D82600B6EA5F /* Settings.bundle in Resources */ = {isa = PBXBuildFile; fileRef = 59CDFEAD22A3D82600B6EA5F /* Settings.bundle */; };
		59D21E9621A27360009FAC63 /* SchoolDetailView.swift in Sources */ = {isa = PBXBuildFile; fileRef = 59D21E9521A27360009FAC63 /* SchoolDetailView.swift */; };
		59DA6F3F22A14A66005C1534 /* LoadingIndicator.swift in Sources */ = {isa = PBXBuildFile; fileRef = 59DA6F3E22A14A66005C1534 /* LoadingIndicator.swift */; };
		59DB3AC32226790700F18AF1 /* ReachabilityViewController.swift in Sources */ = {isa = PBXBuildFile; fileRef = 59DB3AC22226790700F18AF1 /* ReachabilityViewController.swift */; };
		59DD2C602194BADC0025DF9D /* FilterDataViewController.swift in Sources */ = {isa = PBXBuildFile; fileRef = 59DD2C5F2194BADC0025DF9D /* FilterDataViewController.swift */; };
		59DF4604224E520500E8B423 /* DownloadDetailController.swift in Sources */ = {isa = PBXBuildFile; fileRef = 59DF4603224E520500E8B423 /* DownloadDetailController.swift */; };
		59E16B0B221491EE004A3A4D /* SchoolMarkerView.swift in Sources */ = {isa = PBXBuildFile; fileRef = 59E16B0A221491EE004A3A4D /* SchoolMarkerView.swift */; };
		59E7CA0A226DD87D00A7B798 /* CloudKit.framework in Frameworks */ = {isa = PBXBuildFile; fileRef = 59E7CA09226DD87D00A7B798 /* CloudKit.framework */; };
		59E96332223648AB0057375A /* Boundary+CoreDataClass.swift in Sources */ = {isa = PBXBuildFile; fileRef = 59E96330223648AB0057375A /* Boundary+CoreDataClass.swift */; };
		59EB36DF22CBCF7C00F6F412 /* Main.storyboard in Resources */ = {isa = PBXBuildFile; fileRef = 59EB36E122CBCF7C00F6F412 /* Main.storyboard */; };
		59FD1CA2228EC4E6004196A0 /* DownloadDelegate.swift in Sources */ = {isa = PBXBuildFile; fileRef = 59FD1CA1228EC4E6004196A0 /* DownloadDelegate.swift */; };
/* End PBXBuildFile section */

/* Begin PBXFileReference section */
		590EE10621EEEE2B0049A95D /* lunis.xcdatamodel */ = {isa = PBXFileReference; lastKnownFileType = wrapper.xcdatamodel; path = lunis.xcdatamodel; sourceTree = "<group>"; };
		590FAFDF22D3BAEE002C3F3C /* en */ = {isa = PBXFileReference; lastKnownFileType = text.plist.strings; name = en; path = en.lproj/InfoPlist.strings; sourceTree = "<group>"; };
		590FAFE122D3BAF8002C3F3C /* de */ = {isa = PBXFileReference; lastKnownFileType = text.plist.strings; name = de; path = de.lproj/InfoPlist.strings; sourceTree = "<group>"; };
		590FAFE222D3BAF9002C3F3C /* fr */ = {isa = PBXFileReference; lastKnownFileType = text.plist.strings; name = fr; path = fr.lproj/InfoPlist.strings; sourceTree = "<group>"; };
		590FAFE322D3BAFB002C3F3C /* sv */ = {isa = PBXFileReference; lastKnownFileType = text.plist.strings; name = sv; path = sv.lproj/InfoPlist.strings; sourceTree = "<group>"; };
		590FAFE422D3BAFC002C3F3C /* pl */ = {isa = PBXFileReference; lastKnownFileType = text.plist.strings; name = pl; path = pl.lproj/InfoPlist.strings; sourceTree = "<group>"; };
		591732A9227071A2007D4F61 /* CloudKitDelegate.swift */ = {isa = PBXFileReference; lastKnownFileType = sourcecode.swift; path = CloudKitDelegate.swift; sourceTree = "<group>"; };
		591D0F482176EB8800E8EE73 /* DataViewController.swift */ = {isa = PBXFileReference; lastKnownFileType = sourcecode.swift; path = DataViewController.swift; sourceTree = "<group>"; };
		591D320020C2D5460045205D /* DownloadViewController.swift */ = {isa = PBXFileReference; lastKnownFileType = sourcecode.swift; path = DownloadViewController.swift; sourceTree = "<group>"; };
		5921961F22B16BFB00BE04F6 /* MapDelegate.swift */ = {isa = PBXFileReference; lastKnownFileType = sourcecode.swift; path = MapDelegate.swift; sourceTree = "<group>"; };
		59233A86226F1EC3008F4EEE /* CloudKitController.swift */ = {isa = PBXFileReference; lastKnownFileType = sourcecode.swift; name = CloudKitController.swift; path = Lunis/Model/CloudKitController.swift; sourceTree = SOURCE_ROOT; };
		59280DCF221ED403004E31F3 /* SchoolDistancesController.swift */ = {isa = PBXFileReference; lastKnownFileType = sourcecode.swift; path = SchoolDistancesController.swift; sourceTree = "<group>"; };
		5935DD8D2237DCE4004E2FB7 /* Cell+CoreDataClass.swift */ = {isa = PBXFileReference; lastKnownFileType = sourcecode.swift; path = "Cell+CoreDataClass.swift"; sourceTree = "<group>"; };
		5935DD8F2237DCE4004E2FB7 /* Grid+CoreDataClass.swift */ = {isa = PBXFileReference; lastKnownFileType = sourcecode.swift; path = "Grid+CoreDataClass.swift"; sourceTree = "<group>"; };
		595A6ACE22C6978700F8CB0F /* de */ = {isa = PBXFileReference; lastKnownFileType = text.plist.strings; name = de; path = de.lproj/LaunchScreen.strings; sourceTree = "<group>"; };
		595A6AD222C69D4C00F8CB0F /* en */ = {isa = PBXFileReference; lastKnownFileType = text.plist.strings; name = en; path = en.lproj/Localizable.strings; sourceTree = "<group>"; };
		595A6AD422C69D7B00F8CB0F /* de */ = {isa = PBXFileReference; lastKnownFileType = text.plist.strings; name = de; path = de.lproj/Localizable.strings; sourceTree = "<group>"; };
		595A6AD522C69DC700F8CB0F /* fr */ = {isa = PBXFileReference; lastKnownFileType = text.plist.strings; name = fr; path = fr.lproj/LaunchScreen.strings; sourceTree = "<group>"; };
		595A6AD622C69DC800F8CB0F /* fr */ = {isa = PBXFileReference; lastKnownFileType = text.plist.strings; name = fr; path = fr.lproj/Localizable.strings; sourceTree = "<group>"; };
		595A6AD722C69DD100F8CB0F /* sv */ = {isa = PBXFileReference; lastKnownFileType = text.plist.strings; name = sv; path = sv.lproj/LaunchScreen.strings; sourceTree = "<group>"; };
		595A6AD822C69DD100F8CB0F /* sv */ = {isa = PBXFileReference; lastKnownFileType = text.plist.strings; name = sv; path = sv.lproj/Localizable.strings; sourceTree = "<group>"; };
		595A6AD922C69DDB00F8CB0F /* pl */ = {isa = PBXFileReference; lastKnownFileType = text.plist.strings; name = pl; path = pl.lproj/LaunchScreen.strings; sourceTree = "<group>"; };
		595A6ADA22C69DDB00F8CB0F /* pl */ = {isa = PBXFileReference; lastKnownFileType = text.plist.strings; name = pl; path = pl.lproj/Localizable.strings; sourceTree = "<group>"; };
		5982227D20BEA49D00E7FD58 /* CoreData.framework */ = {isa = PBXFileReference; lastKnownFileType = wrapper.framework; name = CoreData.framework; path = System/Library/Frameworks/CoreData.framework; sourceTree = SDKROOT; };
		5985D5C2227C5C88002D9627 /* DecoderStructs.swift */ = {isa = PBXFileReference; lastKnownFileType = sourcecode.swift; path = DecoderStructs.swift; sourceTree = "<group>"; };
		5985D5C4227C5DEC002D9627 /* Decoder.swift */ = {isa = PBXFileReference; lastKnownFileType = sourcecode.swift; path = Decoder.swift; sourceTree = "<group>"; };
		598EDE7B21F03B5A00C2634D /* DataController.swift */ = {isa = PBXFileReference; lastKnownFileType = sourcecode.swift; path = DataController.swift; sourceTree = "<group>"; };
		59921C20219F487E00767876 /* FilterDataViewDelegate.swift */ = {isa = PBXFileReference; lastKnownFileType = sourcecode.swift; path = FilterDataViewDelegate.swift; sourceTree = "<group>"; };
		59A37E9820BD50AA0050E48D /* Lunis.app */ = {isa = PBXFileReference; explicitFileType = wrapper.application; includeInIndex = 0; path = Lunis.app; sourceTree = BUILT_PRODUCTS_DIR; };
		59A37E9B20BD50AA0050E48D /* AppDelegate.swift */ = {isa = PBXFileReference; lastKnownFileType = sourcecode.swift; path = AppDelegate.swift; sourceTree = "<group>"; };
		59A37E9D20BD50AA0050E48D /* MapViewController.swift */ = {isa = PBXFileReference; lastKnownFileType = sourcecode.swift; path = MapViewController.swift; sourceTree = "<group>"; };
		59A37EA420BD50AD0050E48D /* Assets.xcassets */ = {isa = PBXFileReference; lastKnownFileType = folder.assetcatalog; path = Assets.xcassets; sourceTree = "<group>"; };
		59A37EA720BD50AD0050E48D /* Base */ = {isa = PBXFileReference; lastKnownFileType = file.storyboard; name = Base; path = Base.lproj/LaunchScreen.storyboard; sourceTree = "<group>"; };
		59A37EA920BD50AD0050E48D /* Info.plist */ = {isa = PBXFileReference; lastKnownFileType = text.plist.xml; path = Info.plist; sourceTree = "<group>"; };
		59A37EB220BD52250050E48D /* MapKit.framework */ = {isa = PBXFileReference; lastKnownFileType = wrapper.framework; name = MapKit.framework; path = System/Library/Frameworks/MapKit.framework; sourceTree = SDKROOT; };
		59C674CD21F18EC100353A53 /* School+CoreDataClass.swift */ = {isa = PBXFileReference; lastKnownFileType = sourcecode.swift; path = "School+CoreDataClass.swift"; sourceTree = "<group>"; };
		59C674CF21F18EC100353A53 /* Administration+CoreDataClass.swift */ = {isa = PBXFileReference; lastKnownFileType = sourcecode.swift; path = "Administration+CoreDataClass.swift"; sourceTree = "<group>"; };
		59C97EC02285949300CC14B1 /* lunis 2.xcdatamodel */ = {isa = PBXFileReference; lastKnownFileType = wrapper.xcdatamodel; path = "lunis 2.xcdatamodel"; sourceTree = "<group>"; };
		59CDFEAD22A3D82600B6EA5F /* Settings.bundle */ = {isa = PBXFileReference; lastKnownFileType = "wrapper.plug-in"; path = Settings.bundle; sourceTree = "<group>"; };
		59D21E9521A27360009FAC63 /* SchoolDetailView.swift */ = {isa = PBXFileReference; lastKnownFileType = sourcecode.swift; path = SchoolDetailView.swift; sourceTree = "<group>"; };
		59DA6F3E22A14A66005C1534 /* LoadingIndicator.swift */ = {isa = PBXFileReference; lastKnownFileType = sourcecode.swift; path = LoadingIndicator.swift; sourceTree = "<group>"; };
		59DB3AC22226790700F18AF1 /* ReachabilityViewController.swift */ = {isa = PBXFileReference; lastKnownFileType = sourcecode.swift; path = ReachabilityViewController.swift; sourceTree = "<group>"; };
		59DD2C5F2194BADC0025DF9D /* FilterDataViewController.swift */ = {isa = PBXFileReference; fileEncoding = 4; lastKnownFileType = sourcecode.swift; path = FilterDataViewController.swift; sourceTree = "<group>"; };
		59DF4603224E520500E8B423 /* DownloadDetailController.swift */ = {isa = PBXFileReference; lastKnownFileType = sourcecode.swift; path = DownloadDetailController.swift; sourceTree = "<group>"; };
		59E16B0A221491EE004A3A4D /* SchoolMarkerView.swift */ = {isa = PBXFileReference; lastKnownFileType = sourcecode.swift; path = SchoolMarkerView.swift; sourceTree = "<group>"; };
		59E7CA08226DD83B00A7B798 /* Lunis.entitlements */ = {isa = PBXFileReference; lastKnownFileType = text.plist.entitlements; path = Lunis.entitlements; sourceTree = "<group>"; };
		59E7CA09226DD87D00A7B798 /* CloudKit.framework */ = {isa = PBXFileReference; lastKnownFileType = wrapper.framework; name = CloudKit.framework; path = System/Library/Frameworks/CloudKit.framework; sourceTree = SDKROOT; };
		59E96330223648AB0057375A /* Boundary+CoreDataClass.swift */ = {isa = PBXFileReference; lastKnownFileType = sourcecode.swift; path = "Boundary+CoreDataClass.swift"; sourceTree = "<group>"; };
		59EB36E022CBCF7C00F6F412 /* en */ = {isa = PBXFileReference; lastKnownFileType = file.storyboard; name = en; path = en.lproj/Main.storyboard; sourceTree = "<group>"; };
		59EB36E222CBCF8E00F6F412 /* Base */ = {isa = PBXFileReference; lastKnownFileType = file.storyboard; name = Base; path = Base.lproj/Main.storyboard; sourceTree = "<group>"; };
		59EB36E422CBCFB400F6F412 /* de */ = {isa = PBXFileReference; lastKnownFileType = text.plist.strings; name = de; path = de.lproj/Main.strings; sourceTree = "<group>"; };
		59EB36E622CBCFCF00F6F412 /* fr */ = {isa = PBXFileReference; lastKnownFileType = text.plist.strings; name = fr; path = fr.lproj/Main.strings; sourceTree = "<group>"; };
		59EB36E822CBCFE300F6F412 /* sv */ = {isa = PBXFileReference; lastKnownFileType = text.plist.strings; name = sv; path = sv.lproj/Main.strings; sourceTree = "<group>"; };
		59EB36EA22CBCFFF00F6F412 /* pl */ = {isa = PBXFileReference; lastKnownFileType = text.plist.strings; name = pl; path = pl.lproj/Main.strings; sourceTree = "<group>"; };
		59FD1CA1228EC4E6004196A0 /* DownloadDelegate.swift */ = {isa = PBXFileReference; lastKnownFileType = sourcecode.swift; path = DownloadDelegate.swift; sourceTree = "<group>"; };
/* End PBXFileReference section */

/* Begin PBXFrameworksBuildPhase section */
		59A37E9520BD50AA0050E48D /* Frameworks */ = {
			isa = PBXFrameworksBuildPhase;
			buildActionMask = 2147483647;
			files = (
				59E7CA0A226DD87D00A7B798 /* CloudKit.framework in Frameworks */,
				5982227E20BEA49D00E7FD58 /* CoreData.framework in Frameworks */,
				59A37EB320BD52250050E48D /* MapKit.framework in Frameworks */,
			);
			runOnlyForDeploymentPostprocessing = 0;
		};
/* End PBXFrameworksBuildPhase section */

/* Begin PBXGroup section */
		591D320220C2D6D40045205D /* AdditionalViews */ = {
			isa = PBXGroup;
			children = (
				59DF4602224E51E100E8B423 /* DownloadStory */,
				59DD2C612194BAE50025DF9D /* DataStory */,
				591D320320C2D6E10045205D /* MapStory */,
			);
			path = AdditionalViews;
			sourceTree = "<group>";
		};
		591D320320C2D6E10045205D /* MapStory */ = {
			isa = PBXGroup;
			children = (
				59E16B0A221491EE004A3A4D /* SchoolMarkerView.swift */,
				59280DCF221ED403004E31F3 /* SchoolDistancesController.swift */,
			);
			path = MapStory;
			sourceTree = "<group>";
		};
		5951C3E920CD1F3E009A1D3C /* iPhoneGUI */ = {
			isa = PBXGroup;
			children = (
				591D320220C2D6D40045205D /* AdditionalViews */,
				59A37E9D20BD50AA0050E48D /* MapViewController.swift */,
				591D320020C2D5460045205D /* DownloadViewController.swift */,
				591D0F482176EB8800E8EE73 /* DataViewController.swift */,
			);
			path = iPhoneGUI;
			sourceTree = "<group>";
		};
		5982227F20BEA7E500E7FD58 /* Model */ = {
			isa = PBXGroup;
			children = (
				5985D5C1227C5C59002D9627 /* Decoder */,
				59C674D521F18EE000353A53 /* LunisManagedObjects */,
				590EE10521EEEE2B0049A95D /* lunis.xcdatamodeld */,
				59233A86226F1EC3008F4EEE /* CloudKitController.swift */,
				598EDE7B21F03B5A00C2634D /* DataController.swift */,
			);
			path = Model;
			sourceTree = "<group>";
		};
		5985D5C1227C5C59002D9627 /* Decoder */ = {
			isa = PBXGroup;
			children = (
				5985D5C2227C5C88002D9627 /* DecoderStructs.swift */,
				5985D5C4227C5DEC002D9627 /* Decoder.swift */,
			);
			path = Decoder;
			sourceTree = "<group>";
		};
		59921C1F219F47FF00767876 /* Delegates */ = {
			isa = PBXGroup;
			children = (
				59921C20219F487E00767876 /* FilterDataViewDelegate.swift */,
				591732A9227071A2007D4F61 /* CloudKitDelegate.swift */,
				59FD1CA1228EC4E6004196A0 /* DownloadDelegate.swift */,
				5921961F22B16BFB00BE04F6 /* MapDelegate.swift */,
			);
			path = Delegates;
			sourceTree = "<group>";
		};
		59A37E8F20BD50AA0050E48D = {
			isa = PBXGroup;
			children = (
				59A37E9A20BD50AA0050E48D /* Lunis */,
				59A37E9920BD50AA0050E48D /* Products */,
				59A37EB120BD52250050E48D /* Frameworks */,
			);
			sourceTree = "<group>";
		};
		59A37E9920BD50AA0050E48D /* Products */ = {
			isa = PBXGroup;
			children = (
				59A37E9820BD50AA0050E48D /* Lunis.app */,
			);
			name = Products;
			sourceTree = "<group>";
		};
		59A37E9A20BD50AA0050E48D /* Lunis */ = {
			isa = PBXGroup;
			children = (
				59E7CA08226DD83B00A7B798 /* Lunis.entitlements */,
				59921C1F219F47FF00767876 /* Delegates */,
				5951C3E920CD1F3E009A1D3C /* iPhoneGUI */,
				5982227F20BEA7E500E7FD58 /* Model */,
				59DA6F3D22A14A23005C1534 /* Statics */,
				59A37E9B20BD50AA0050E48D /* AppDelegate.swift */,
				59A37EA420BD50AD0050E48D /* Assets.xcassets */,
				59A37EA620BD50AD0050E48D /* LaunchScreen.storyboard */,
				590FAFE022D3BAEE002C3F3C /* InfoPlist.strings */,
				595A6AD322C69D4C00F8CB0F /* Localizable.strings */,
				59A37EA920BD50AD0050E48D /* Info.plist */,
				59EB36E122CBCF7C00F6F412 /* Main.storyboard */,
				59CDFEAD22A3D82600B6EA5F /* Settings.bundle */,
			);
			path = Lunis;
			sourceTree = "<group>";
		};
		59A37EB120BD52250050E48D /* Frameworks */ = {
			isa = PBXGroup;
			children = (
				59E7CA09226DD87D00A7B798 /* CloudKit.framework */,
				5982227D20BEA49D00E7FD58 /* CoreData.framework */,
				59A37EB220BD52250050E48D /* MapKit.framework */,
			);
			name = Frameworks;
			sourceTree = "<group>";
		};
		59C674D521F18EE000353A53 /* LunisManagedObjects */ = {
			isa = PBXGroup;
			children = (
				5935DD8D2237DCE4004E2FB7 /* Cell+CoreDataClass.swift */,
				5935DD8F2237DCE4004E2FB7 /* Grid+CoreDataClass.swift */,
				59E96330223648AB0057375A /* Boundary+CoreDataClass.swift */,
				59C674CD21F18EC100353A53 /* School+CoreDataClass.swift */,
				59C674CF21F18EC100353A53 /* Administration+CoreDataClass.swift */,
			);
			path = LunisManagedObjects;
			sourceTree = "<group>";
		};
		59DA6F3D22A14A23005C1534 /* Statics */ = {
			isa = PBXGroup;
			children = (
				59DA6F3E22A14A66005C1534 /* LoadingIndicator.swift */,
			);
			path = Statics;
			sourceTree = "<group>";
		};
		59DD2C612194BAE50025DF9D /* DataStory */ = {
			isa = PBXGroup;
			children = (
				59DD2C5F2194BADC0025DF9D /* FilterDataViewController.swift */,
				59D21E9521A27360009FAC63 /* SchoolDetailView.swift */,
				59DB3AC22226790700F18AF1 /* ReachabilityViewController.swift */,
			);
			path = DataStory;
			sourceTree = "<group>";
		};
		59DF4602224E51E100E8B423 /* DownloadStory */ = {
			isa = PBXGroup;
			children = (
				59DF4603224E520500E8B423 /* DownloadDetailController.swift */,
			);
			path = DownloadStory;
			sourceTree = "<group>";
		};
/* End PBXGroup section */

/* Begin PBXNativeTarget section */
		59A37E9720BD50AA0050E48D /* Lunis */ = {
			isa = PBXNativeTarget;
			buildConfigurationList = 59A37EAC20BD50AD0050E48D /* Build configuration list for PBXNativeTarget "Lunis" */;
			buildPhases = (
				59A37E9420BD50AA0050E48D /* Sources */,
				59A37E9520BD50AA0050E48D /* Frameworks */,
				59A37E9620BD50AA0050E48D /* Resources */,
			);
			buildRules = (
			);
			dependencies = (
			);
			name = Lunis;
			productName = Lunis;
			productReference = 59A37E9820BD50AA0050E48D /* Lunis.app */;
			productType = "com.apple.product-type.application";
		};
/* End PBXNativeTarget section */

/* Begin PBXProject section */
		59A37E9020BD50AA0050E48D /* Project object */ = {
			isa = PBXProject;
			attributes = {
				LastSwiftUpdateCheck = 0930;
				LastUpgradeCheck = 0930;
				ORGANIZATIONNAME = jagodki;
				TargetAttributes = {
					59A37E9720BD50AA0050E48D = {
						CreatedOnToolsVersion = 9.3.1;
						LastSwiftMigration = 1010;
						SystemCapabilities = {
							com.apple.Maps.iOS = {
								enabled = 1;
							};
							com.apple.Push = {
								enabled = 0;
							};
							com.apple.iCloud = {
								enabled = 1;
							};
						};
					};
				};
			};
			buildConfigurationList = 59A37E9320BD50AA0050E48D /* Build configuration list for PBXProject "Lunis" */;
			compatibilityVersion = "Xcode 9.3";
			developmentRegion = en;
			hasScannedForEncodings = 0;
			knownRegions = (
				en,
				Base,
				de,
				fr,
				sv,
				pl,
			);
			mainGroup = 59A37E8F20BD50AA0050E48D;
			productRefGroup = 59A37E9920BD50AA0050E48D /* Products */;
			projectDirPath = "";
			projectRoot = "";
			targets = (
				59A37E9720BD50AA0050E48D /* Lunis */,
			);
		};
/* End PBXProject section */

/* Begin PBXResourcesBuildPhase section */
		59A37E9620BD50AA0050E48D /* Resources */ = {
			isa = PBXResourcesBuildPhase;
			buildActionMask = 2147483647;
			files = (
				595A6AD122C69D4C00F8CB0F /* Localizable.strings in Resources */,
				590FAFDE22D3BAEE002C3F3C /* InfoPlist.strings in Resources */,
				59A37EA820BD50AD0050E48D /* LaunchScreen.storyboard in Resources */,
				59A37EA520BD50AD0050E48D /* Assets.xcassets in Resources */,
				59CDFEAE22A3D82600B6EA5F /* Settings.bundle in Resources */,
				59EB36DF22CBCF7C00F6F412 /* Main.storyboard in Resources */,
			);
			runOnlyForDeploymentPostprocessing = 0;
		};
/* End PBXResourcesBuildPhase section */

/* Begin PBXSourcesBuildPhase section */
		59A37E9420BD50AA0050E48D /* Sources */ = {
			isa = PBXSourcesBuildPhase;
			buildActionMask = 2147483647;
			files = (
				59DD2C602194BADC0025DF9D /* FilterDataViewController.swift in Sources */,
				5935DD932237DCE4004E2FB7 /* Grid+CoreDataClass.swift in Sources */,
				59DF4604224E520500E8B423 /* DownloadDetailController.swift in Sources */,
				59DB3AC32226790700F18AF1 /* ReachabilityViewController.swift in Sources */,
				598EDE7C21F03B5A00C2634D /* DataController.swift in Sources */,
				591D0F492176EB8800E8EE73 /* DataViewController.swift in Sources */,
				59233A87226F1EC3008F4EEE /* CloudKitController.swift in Sources */,
				59A37E9C20BD50AA0050E48D /* AppDelegate.swift in Sources */,
				5985D5C3227C5C88002D9627 /* DecoderStructs.swift in Sources */,
				59921C21219F487E00767876 /* FilterDataViewDelegate.swift in Sources */,
				59C674D121F18EC100353A53 /* School+CoreDataClass.swift in Sources */,
				5935DD912237DCE4004E2FB7 /* Cell+CoreDataClass.swift in Sources */,
				59DA6F3F22A14A66005C1534 /* LoadingIndicator.swift in Sources */,
				59D21E9621A27360009FAC63 /* SchoolDetailView.swift in Sources */,
				59C674D321F18EC100353A53 /* Administration+CoreDataClass.swift in Sources */,
				590EE10721EEEE2B0049A95D /* lunis.xcdatamodeld in Sources */,
				591D320120C2D5460045205D /* DownloadViewController.swift in Sources */,
				591732AA227071A2007D4F61 /* CloudKitDelegate.swift in Sources */,
				5921962022B16BFB00BE04F6 /* MapDelegate.swift in Sources */,
				59A37E9E20BD50AA0050E48D /* MapViewController.swift in Sources */,
				59FD1CA2228EC4E6004196A0 /* DownloadDelegate.swift in Sources */,
				5985D5C5227C5DEC002D9627 /* Decoder.swift in Sources */,
				59E96332223648AB0057375A /* Boundary+CoreDataClass.swift in Sources */,
				59E16B0B221491EE004A3A4D /* SchoolMarkerView.swift in Sources */,
				59280DD0221ED403004E31F3 /* SchoolDistancesController.swift in Sources */,
			);
			runOnlyForDeploymentPostprocessing = 0;
		};
/* End PBXSourcesBuildPhase section */

/* Begin PBXVariantGroup section */
		590FAFE022D3BAEE002C3F3C /* InfoPlist.strings */ = {
			isa = PBXVariantGroup;
			children = (
				590FAFDF22D3BAEE002C3F3C /* en */,
				590FAFE122D3BAF8002C3F3C /* de */,
				590FAFE222D3BAF9002C3F3C /* fr */,
				590FAFE322D3BAFB002C3F3C /* sv */,
				590FAFE422D3BAFC002C3F3C /* pl */,
			);
			name = InfoPlist.strings;
			sourceTree = "<group>";
		};
		595A6AD322C69D4C00F8CB0F /* Localizable.strings */ = {
			isa = PBXVariantGroup;
			children = (
				595A6AD222C69D4C00F8CB0F /* en */,
				595A6AD422C69D7B00F8CB0F /* de */,
				595A6AD622C69DC800F8CB0F /* fr */,
				595A6AD822C69DD100F8CB0F /* sv */,
				595A6ADA22C69DDB00F8CB0F /* pl */,
			);
			name = Localizable.strings;
			sourceTree = "<group>";
		};
		59A37EA620BD50AD0050E48D /* LaunchScreen.storyboard */ = {
			isa = PBXVariantGroup;
			children = (
				59A37EA720BD50AD0050E48D /* Base */,
				595A6ACE22C6978700F8CB0F /* de */,
				595A6AD522C69DC700F8CB0F /* fr */,
				595A6AD722C69DD100F8CB0F /* sv */,
				595A6AD922C69DDB00F8CB0F /* pl */,
			);
			name = LaunchScreen.storyboard;
			sourceTree = "<group>";
		};
		59EB36E122CBCF7C00F6F412 /* Main.storyboard */ = {
			isa = PBXVariantGroup;
			children = (
				59EB36E022CBCF7C00F6F412 /* en */,
				59EB36E222CBCF8E00F6F412 /* Base */,
				59EB36E422CBCFB400F6F412 /* de */,
				59EB36E622CBCFCF00F6F412 /* fr */,
				59EB36E822CBCFE300F6F412 /* sv */,
				59EB36EA22CBCFFF00F6F412 /* pl */,
			);
			name = Main.storyboard;
			sourceTree = "<group>";
		};
/* End PBXVariantGroup section */

/* Begin XCBuildConfiguration section */
		59A37EAA20BD50AD0050E48D /* Debug */ = {
			isa = XCBuildConfiguration;
			buildSettings = {
				ALWAYS_SEARCH_USER_PATHS = NO;
				CLANG_ANALYZER_LOCALIZABILITY_NONLOCALIZED = YES;
				CLANG_ANALYZER_NONNULL = YES;
				CLANG_ANALYZER_NUMBER_OBJECT_CONVERSION = YES_AGGRESSIVE;
				CLANG_CXX_LANGUAGE_STANDARD = "gnu++14";
				CLANG_CXX_LIBRARY = "libc++";
				CLANG_ENABLE_MODULES = YES;
				CLANG_ENABLE_OBJC_ARC = YES;
				CLANG_ENABLE_OBJC_WEAK = YES;
				CLANG_WARN_BLOCK_CAPTURE_AUTORELEASING = YES;
				CLANG_WARN_BOOL_CONVERSION = YES;
				CLANG_WARN_COMMA = YES;
				CLANG_WARN_CONSTANT_CONVERSION = YES;
				CLANG_WARN_DEPRECATED_OBJC_IMPLEMENTATIONS = YES;
				CLANG_WARN_DIRECT_OBJC_ISA_USAGE = YES_ERROR;
				CLANG_WARN_DOCUMENTATION_COMMENTS = YES;
				CLANG_WARN_EMPTY_BODY = YES;
				CLANG_WARN_ENUM_CONVERSION = YES;
				CLANG_WARN_INFINITE_RECURSION = YES;
				CLANG_WARN_INT_CONVERSION = YES;
				CLANG_WARN_NON_LITERAL_NULL_CONVERSION = YES;
				CLANG_WARN_OBJC_IMPLICIT_RETAIN_SELF = YES;
				CLANG_WARN_OBJC_LITERAL_CONVERSION = YES;
				CLANG_WARN_OBJC_ROOT_CLASS = YES_ERROR;
				CLANG_WARN_RANGE_LOOP_ANALYSIS = YES;
				CLANG_WARN_STRICT_PROTOTYPES = YES;
				CLANG_WARN_SUSPICIOUS_MOVE = YES;
				CLANG_WARN_UNGUARDED_AVAILABILITY = YES_AGGRESSIVE;
				CLANG_WARN_UNREACHABLE_CODE = YES;
				CLANG_WARN__DUPLICATE_METHOD_MATCH = YES;
				CODE_SIGN_IDENTITY = "iPhone Developer";
				COPY_PHASE_STRIP = NO;
				DEBUG_INFORMATION_FORMAT = dwarf;
				ENABLE_STRICT_OBJC_MSGSEND = YES;
				ENABLE_TESTABILITY = YES;
				GCC_C_LANGUAGE_STANDARD = gnu11;
				GCC_DYNAMIC_NO_PIC = NO;
				GCC_NO_COMMON_BLOCKS = YES;
				GCC_OPTIMIZATION_LEVEL = 0;
				GCC_PREPROCESSOR_DEFINITIONS = (
					"DEBUG=1",
					"$(inherited)",
				);
				GCC_WARN_64_TO_32_BIT_CONVERSION = YES;
				GCC_WARN_ABOUT_RETURN_TYPE = YES_ERROR;
				GCC_WARN_UNDECLARED_SELECTOR = YES;
				GCC_WARN_UNINITIALIZED_AUTOS = YES_AGGRESSIVE;
				GCC_WARN_UNUSED_FUNCTION = YES;
				GCC_WARN_UNUSED_VARIABLE = YES;
				IPHONEOS_DEPLOYMENT_TARGET = 12.0;
				MTL_ENABLE_DEBUG_INFO = YES;
				ONLY_ACTIVE_ARCH = YES;
				SDKROOT = iphoneos;
				SWIFT_ACTIVE_COMPILATION_CONDITIONS = DEBUG;
				SWIFT_OPTIMIZATION_LEVEL = "-Onone";
			};
			name = Debug;
		};
		59A37EAB20BD50AD0050E48D /* Release */ = {
			isa = XCBuildConfiguration;
			buildSettings = {
				ALWAYS_SEARCH_USER_PATHS = NO;
				CLANG_ANALYZER_LOCALIZABILITY_NONLOCALIZED = YES;
				CLANG_ANALYZER_NONNULL = YES;
				CLANG_ANALYZER_NUMBER_OBJECT_CONVERSION = YES_AGGRESSIVE;
				CLANG_CXX_LANGUAGE_STANDARD = "gnu++14";
				CLANG_CXX_LIBRARY = "libc++";
				CLANG_ENABLE_MODULES = YES;
				CLANG_ENABLE_OBJC_ARC = YES;
				CLANG_ENABLE_OBJC_WEAK = YES;
				CLANG_WARN_BLOCK_CAPTURE_AUTORELEASING = YES;
				CLANG_WARN_BOOL_CONVERSION = YES;
				CLANG_WARN_COMMA = YES;
				CLANG_WARN_CONSTANT_CONVERSION = YES;
				CLANG_WARN_DEPRECATED_OBJC_IMPLEMENTATIONS = YES;
				CLANG_WARN_DIRECT_OBJC_ISA_USAGE = YES_ERROR;
				CLANG_WARN_DOCUMENTATION_COMMENTS = YES;
				CLANG_WARN_EMPTY_BODY = YES;
				CLANG_WARN_ENUM_CONVERSION = YES;
				CLANG_WARN_INFINITE_RECURSION = YES;
				CLANG_WARN_INT_CONVERSION = YES;
				CLANG_WARN_NON_LITERAL_NULL_CONVERSION = YES;
				CLANG_WARN_OBJC_IMPLICIT_RETAIN_SELF = YES;
				CLANG_WARN_OBJC_LITERAL_CONVERSION = YES;
				CLANG_WARN_OBJC_ROOT_CLASS = YES_ERROR;
				CLANG_WARN_RANGE_LOOP_ANALYSIS = YES;
				CLANG_WARN_STRICT_PROTOTYPES = YES;
				CLANG_WARN_SUSPICIOUS_MOVE = YES;
				CLANG_WARN_UNGUARDED_AVAILABILITY = YES_AGGRESSIVE;
				CLANG_WARN_UNREACHABLE_CODE = YES;
				CLANG_WARN__DUPLICATE_METHOD_MATCH = YES;
				CODE_SIGN_IDENTITY = "iPhone Developer";
				COPY_PHASE_STRIP = NO;
				DEBUG_INFORMATION_FORMAT = "dwarf-with-dsym";
				ENABLE_NS_ASSERTIONS = NO;
				ENABLE_STRICT_OBJC_MSGSEND = YES;
				GCC_C_LANGUAGE_STANDARD = gnu11;
				GCC_NO_COMMON_BLOCKS = YES;
				GCC_WARN_64_TO_32_BIT_CONVERSION = YES;
				GCC_WARN_ABOUT_RETURN_TYPE = YES_ERROR;
				GCC_WARN_UNDECLARED_SELECTOR = YES;
				GCC_WARN_UNINITIALIZED_AUTOS = YES_AGGRESSIVE;
				GCC_WARN_UNUSED_FUNCTION = YES;
				GCC_WARN_UNUSED_VARIABLE = YES;
				IPHONEOS_DEPLOYMENT_TARGET = 12.0;
				MTL_ENABLE_DEBUG_INFO = NO;
				SDKROOT = iphoneos;
				SWIFT_COMPILATION_MODE = wholemodule;
				SWIFT_OPTIMIZATION_LEVEL = "-O";
				VALIDATE_PRODUCT = YES;
			};
			name = Release;
		};
		59A37EAD20BD50AD0050E48D /* Debug */ = {
			isa = XCBuildConfiguration;
			buildSettings = {
				ASSETCATALOG_COMPILER_APPICON_NAME = AppIcon;
				CODE_SIGN_ENTITLEMENTS = Lunis/Lunis.entitlements;
				CODE_SIGN_STYLE = Automatic;
				DEVELOPMENT_TEAM = PM6R3BPDX5;
				INFOPLIST_FILE = Lunis/Info.plist;
				IPHONEOS_DEPLOYMENT_TARGET = 12.0;
				LD_RUNPATH_SEARCH_PATHS = (
					"$(inherited)",
					"@executable_path/Frameworks",
				);
				PRODUCT_BUNDLE_IDENTIFIER = jagodki.Lunis;
				PRODUCT_NAME = "$(TARGET_NAME)";
				SDKROOT = iphoneos;
				SWIFT_VERSION = 4.2;
				TARGETED_DEVICE_FAMILY = 1;
			};
			name = Debug;
		};
		59A37EAE20BD50AD0050E48D /* Release */ = {
			isa = XCBuildConfiguration;
			buildSettings = {
				ASSETCATALOG_COMPILER_APPICON_NAME = AppIcon;
				CODE_SIGN_ENTITLEMENTS = Lunis/Lunis.entitlements;
				CODE_SIGN_STYLE = Automatic;
				DEVELOPMENT_TEAM = PM6R3BPDX5;
				INFOPLIST_FILE = Lunis/Info.plist;
				IPHONEOS_DEPLOYMENT_TARGET = 12.0;
				LD_RUNPATH_SEARCH_PATHS = (
					"$(inherited)",
					"@executable_path/Frameworks",
				);
				PRODUCT_BUNDLE_IDENTIFIER = jagodki.Lunis;
				PRODUCT_NAME = "$(TARGET_NAME)";
				SDKROOT = iphoneos;
				SWIFT_VERSION = 4.2;
				TARGETED_DEVICE_FAMILY = 1;
			};
			name = Release;
		};
/* End XCBuildConfiguration section */

/* Begin XCConfigurationList section */
		59A37E9320BD50AA0050E48D /* Build configuration list for PBXProject "Lunis" */ = {
			isa = XCConfigurationList;
			buildConfigurations = (
				59A37EAA20BD50AD0050E48D /* Debug */,
				59A37EAB20BD50AD0050E48D /* Release */,
			);
			defaultConfigurationIsVisible = 0;
			defaultConfigurationName = Release;
		};
		59A37EAC20BD50AD0050E48D /* Build configuration list for PBXNativeTarget "Lunis" */ = {
			isa = XCConfigurationList;
			buildConfigurations = (
				59A37EAD20BD50AD0050E48D /* Debug */,
				59A37EAE20BD50AD0050E48D /* Release */,
			);
			defaultConfigurationIsVisible = 0;
			defaultConfigurationName = Release;
		};
/* End XCConfigurationList section */

/* Begin XCVersionGroup section */
		590EE10521EEEE2B0049A95D /* lunis.xcdatamodeld */ = {
			isa = XCVersionGroup;
			children = (
				59C97EC02285949300CC14B1 /* lunis 2.xcdatamodel */,
				590EE10621EEEE2B0049A95D /* lunis.xcdatamodel */,
			);
			currentVersion = 590EE10621EEEE2B0049A95D /* lunis.xcdatamodel */;
			path = lunis.xcdatamodeld;
			sourceTree = "<group>";
			usesTabs = 0;
			versionGroupType = wrapper.xcdatamodel;
		};
/* End XCVersionGroup section */
	};
	rootObject = 59A37E9020BD50AA0050E48D /* Project object */;
}
