// !$*UTF8*$!
{
	archiveVersion = 1;
	classes = {
	};
	objectVersion = 50;
	objects = {

/* Begin PBXBuildFile section */
		591D0F492176EB8800E8EE73 /* DataViewController.swift in Sources */ = {isa = PBXBuildFile; fileRef = 591D0F482176EB8800E8EE73 /* DataViewController.swift */; };
		591D320120C2D5460045205D /* DownloadViewController.swift in Sources */ = {isa = PBXBuildFile; fileRef = 591D320020C2D5460045205D /* DownloadViewController.swift */; };
		591D320520C2D6FB0045205D /* InfoViewController.swift in Sources */ = {isa = PBXBuildFile; fileRef = 591D320420C2D6FB0045205D /* InfoViewController.swift */; };
		595E2FE420CBE171008CC937 /* InfoTableView.swift in Sources */ = {isa = PBXBuildFile; fileRef = 595E2FE320CBE171008CC937 /* InfoTableView.swift */; };
		5982227E20BEA49D00E7FD58 /* CoreData.framework in Frameworks */ = {isa = PBXBuildFile; fileRef = 5982227D20BEA49D00E7FD58 /* CoreData.framework */; };
		59921C21219F487E00767876 /* FilterDataViewDelegate.swift in Sources */ = {isa = PBXBuildFile; fileRef = 59921C20219F487E00767876 /* FilterDataViewDelegate.swift */; };
		5996962920CBD157000925BA /* Main.storyboard in Resources */ = {isa = PBXBuildFile; fileRef = 5996962820CBD157000925BA /* Main.storyboard */; };
		59A37E9C20BD50AA0050E48D /* AppDelegate.swift in Sources */ = {isa = PBXBuildFile; fileRef = 59A37E9B20BD50AA0050E48D /* AppDelegate.swift */; };
		59A37E9E20BD50AA0050E48D /* MapViewController.swift in Sources */ = {isa = PBXBuildFile; fileRef = 59A37E9D20BD50AA0050E48D /* MapViewController.swift */; };
		59A37EA520BD50AD0050E48D /* Assets.xcassets in Resources */ = {isa = PBXBuildFile; fileRef = 59A37EA420BD50AD0050E48D /* Assets.xcassets */; };
		59A37EA820BD50AD0050E48D /* LaunchScreen.storyboard in Resources */ = {isa = PBXBuildFile; fileRef = 59A37EA620BD50AD0050E48D /* LaunchScreen.storyboard */; };
		59A37EB020BD51610050E48D /* Storyboard_iPad.storyboard in Resources */ = {isa = PBXBuildFile; fileRef = 59A37EAF20BD51610050E48D /* Storyboard_iPad.storyboard */; };
		59A37EB320BD52250050E48D /* MapKit.framework in Frameworks */ = {isa = PBXBuildFile; fileRef = 59A37EB220BD52250050E48D /* MapKit.framework */; };
		59D21E9621A27360009FAC63 /* SchoolDetailView.swift in Sources */ = {isa = PBXBuildFile; fileRef = 59D21E9521A27360009FAC63 /* SchoolDetailView.swift */; };
		59DA9D6A20D0CC4000FCC2B9 /* InfoContainerView.swift in Sources */ = {isa = PBXBuildFile; fileRef = 59DA9D6920D0CC4000FCC2B9 /* InfoContainerView.swift */; };
		59DD2C602194BADC0025DF9D /* FilterDataViewController.swift in Sources */ = {isa = PBXBuildFile; fileRef = 59DD2C5F2194BADC0025DF9D /* FilterDataViewController.swift */; };
/* End PBXBuildFile section */

/* Begin PBXFileReference section */
		591D0F482176EB8800E8EE73 /* DataViewController.swift */ = {isa = PBXFileReference; lastKnownFileType = sourcecode.swift; path = DataViewController.swift; sourceTree = "<group>"; };
		591D320020C2D5460045205D /* DownloadViewController.swift */ = {isa = PBXFileReference; lastKnownFileType = sourcecode.swift; path = DownloadViewController.swift; sourceTree = "<group>"; };
		591D320420C2D6FB0045205D /* InfoViewController.swift */ = {isa = PBXFileReference; lastKnownFileType = sourcecode.swift; path = InfoViewController.swift; sourceTree = "<group>"; };
		595E2FE320CBE171008CC937 /* InfoTableView.swift */ = {isa = PBXFileReference; lastKnownFileType = sourcecode.swift; path = InfoTableView.swift; sourceTree = "<group>"; };
		5982227D20BEA49D00E7FD58 /* CoreData.framework */ = {isa = PBXFileReference; lastKnownFileType = wrapper.framework; name = CoreData.framework; path = System/Library/Frameworks/CoreData.framework; sourceTree = SDKROOT; };
		59921C20219F487E00767876 /* FilterDataViewDelegate.swift */ = {isa = PBXFileReference; lastKnownFileType = sourcecode.swift; path = FilterDataViewDelegate.swift; sourceTree = "<group>"; };
		5996962820CBD157000925BA /* Main.storyboard */ = {isa = PBXFileReference; fileEncoding = 4; lastKnownFileType = file.storyboard; path = Main.storyboard; sourceTree = "<group>"; };
		59A37E9820BD50AA0050E48D /* Lunis.app */ = {isa = PBXFileReference; explicitFileType = wrapper.application; includeInIndex = 0; path = Lunis.app; sourceTree = BUILT_PRODUCTS_DIR; };
		59A37E9B20BD50AA0050E48D /* AppDelegate.swift */ = {isa = PBXFileReference; lastKnownFileType = sourcecode.swift; path = AppDelegate.swift; sourceTree = "<group>"; };
		59A37E9D20BD50AA0050E48D /* MapViewController.swift */ = {isa = PBXFileReference; lastKnownFileType = sourcecode.swift; path = MapViewController.swift; sourceTree = "<group>"; };
		59A37EA420BD50AD0050E48D /* Assets.xcassets */ = {isa = PBXFileReference; lastKnownFileType = folder.assetcatalog; path = Assets.xcassets; sourceTree = "<group>"; };
		59A37EA720BD50AD0050E48D /* Base */ = {isa = PBXFileReference; lastKnownFileType = file.storyboard; name = Base; path = Base.lproj/LaunchScreen.storyboard; sourceTree = "<group>"; };
		59A37EA920BD50AD0050E48D /* Info.plist */ = {isa = PBXFileReference; lastKnownFileType = text.plist.xml; path = Info.plist; sourceTree = "<group>"; };
		59A37EAF20BD51610050E48D /* Storyboard_iPad.storyboard */ = {isa = PBXFileReference; lastKnownFileType = file.storyboard; path = Storyboard_iPad.storyboard; sourceTree = "<group>"; };
		59A37EB220BD52250050E48D /* MapKit.framework */ = {isa = PBXFileReference; lastKnownFileType = wrapper.framework; name = MapKit.framework; path = System/Library/Frameworks/MapKit.framework; sourceTree = SDKROOT; };
		59D21E9521A27360009FAC63 /* SchoolDetailView.swift */ = {isa = PBXFileReference; lastKnownFileType = sourcecode.swift; path = SchoolDetailView.swift; sourceTree = "<group>"; };
		59DA9D6920D0CC4000FCC2B9 /* InfoContainerView.swift */ = {isa = PBXFileReference; lastKnownFileType = sourcecode.swift; path = InfoContainerView.swift; sourceTree = "<group>"; };
		59DD2C5F2194BADC0025DF9D /* FilterDataViewController.swift */ = {isa = PBXFileReference; fileEncoding = 4; lastKnownFileType = sourcecode.swift; path = FilterDataViewController.swift; sourceTree = "<group>"; };
/* End PBXFileReference section */

/* Begin PBXFrameworksBuildPhase section */
		59A37E9520BD50AA0050E48D /* Frameworks */ = {
			isa = PBXFrameworksBuildPhase;
			buildActionMask = 2147483647;
			files = (
				5982227E20BEA49D00E7FD58 /* CoreData.framework in Frameworks */,
				59A37EB320BD52250050E48D /* MapKit.framework in Frameworks */,
			);
			runOnlyForDeploymentPostprocessing = 0;
		};
/* End PBXFrameworksBuildPhase section */

/* Begin PBXGroup section */
		591D320220C2D6D40045205D /* AdditionalViews */ = {
			isa = PBXGroup;
			children = (
				59DD2C612194BAE50025DF9D /* DataStory */,
				591D320320C2D6E10045205D /* MapStory */,
			);
			path = AdditionalViews;
			sourceTree = "<group>";
		};
		591D320320C2D6E10045205D /* MapStory */ = {
			isa = PBXGroup;
			children = (
				591D320420C2D6FB0045205D /* InfoViewController.swift */,
				595E2FE320CBE171008CC937 /* InfoTableView.swift */,
				59DA9D6920D0CC4000FCC2B9 /* InfoContainerView.swift */,
			);
			path = MapStory;
			sourceTree = "<group>";
		};
		5951C3E920CD1F3E009A1D3C /* iPhoneGUI */ = {
			isa = PBXGroup;
			children = (
				591D320220C2D6D40045205D /* AdditionalViews */,
				59A37E9D20BD50AA0050E48D /* MapViewController.swift */,
				591D320020C2D5460045205D /* DownloadViewController.swift */,
				591D0F482176EB8800E8EE73 /* DataViewController.swift */,
			);
			path = iPhoneGUI;
			sourceTree = "<group>";
		};
		5982227F20BEA7E500E7FD58 /* Model */ = {
			isa = PBXGroup;
			children = (
			);
			path = Model;
			sourceTree = "<group>";
		};
		59921C1F219F47FF00767876 /* Delegates */ = {
			isa = PBXGroup;
			children = (
				59921C20219F487E00767876 /* FilterDataViewDelegate.swift */,
			);
			path = Delegates;
			sourceTree = "<group>";
		};
		59A37E8F20BD50AA0050E48D = {
			isa = PBXGroup;
			children = (
				59A37E9A20BD50AA0050E48D /* Lunis */,
				59A37E9920BD50AA0050E48D /* Products */,
				59A37EB120BD52250050E48D /* Frameworks */,
			);
			sourceTree = "<group>";
		};
		59A37E9920BD50AA0050E48D /* Products */ = {
			isa = PBXGroup;
			children = (
				59A37E9820BD50AA0050E48D /* Lunis.app */,
			);
			name = Products;
			sourceTree = "<group>";
		};
		59A37E9A20BD50AA0050E48D /* Lunis */ = {
			isa = PBXGroup;
			children = (
				59921C1F219F47FF00767876 /* Delegates */,
				5951C3E920CD1F3E009A1D3C /* iPhoneGUI */,
				5982227F20BEA7E500E7FD58 /* Model */,
				59A37E9B20BD50AA0050E48D /* AppDelegate.swift */,
				59A37EA420BD50AD0050E48D /* Assets.xcassets */,
				59A37EA620BD50AD0050E48D /* LaunchScreen.storyboard */,
				59A37EA920BD50AD0050E48D /* Info.plist */,
				5996962820CBD157000925BA /* Main.storyboard */,
				59A37EAF20BD51610050E48D /* Storyboard_iPad.storyboard */,
			);
			path = Lunis;
			sourceTree = "<group>";
		};
		59A37EB120BD52250050E48D /* Frameworks */ = {
			isa = PBXGroup;
			children = (
				5982227D20BEA49D00E7FD58 /* CoreData.framework */,
				59A37EB220BD52250050E48D /* MapKit.framework */,
			);
			name = Frameworks;
			sourceTree = "<group>";
		};
		59DD2C612194BAE50025DF9D /* DataStory */ = {
			isa = PBXGroup;
			children = (
				59DD2C5F2194BADC0025DF9D /* FilterDataViewController.swift */,
				59D21E9521A27360009FAC63 /* SchoolDetailView.swift */,
			);
			path = DataStory;
			sourceTree = "<group>";
		};
/* End PBXGroup section */

/* Begin PBXNativeTarget section */
		59A37E9720BD50AA0050E48D /* Lunis */ = {
			isa = PBXNativeTarget;
			buildConfigurationList = 59A37EAC20BD50AD0050E48D /* Build configuration list for PBXNativeTarget "Lunis" */;
			buildPhases = (
				59A37E9420BD50AA0050E48D /* Sources */,
				59A37E9520BD50AA0050E48D /* Frameworks */,
				59A37E9620BD50AA0050E48D /* Resources */,
			);
			buildRules = (
			);
			dependencies = (
			);
			name = Lunis;
			productName = Lunis;
			productReference = 59A37E9820BD50AA0050E48D /* Lunis.app */;
			productType = "com.apple.product-type.application";
		};
/* End PBXNativeTarget section */

/* Begin PBXProject section */
		59A37E9020BD50AA0050E48D /* Project object */ = {
			isa = PBXProject;
			attributes = {
				LastSwiftUpdateCheck = 0930;
				LastUpgradeCheck = 0930;
				ORGANIZATIONNAME = jagodki;
				TargetAttributes = {
					59A37E9720BD50AA0050E48D = {
						CreatedOnToolsVersion = 9.3.1;
						SystemCapabilities = {
							com.apple.Maps.iOS = {
								enabled = 1;
							};
						};
					};
				};
			};
			buildConfigurationList = 59A37E9320BD50AA0050E48D /* Build configuration list for PBXProject "Lunis" */;
			compatibilityVersion = "Xcode 9.3";
			developmentRegion = en;
			hasScannedForEncodings = 0;
			knownRegions = (
				en,
				Base,
			);
			mainGroup = 59A37E8F20BD50AA0050E48D;
			productRefGroup = 59A37E9920BD50AA0050E48D /* Products */;
			projectDirPath = "";
			projectRoot = "";
			targets = (
				59A37E9720BD50AA0050E48D /* Lunis */,
			);
		};
/* End PBXProject section */

/* Begin PBXResourcesBuildPhase section */
		59A37E9620BD50AA0050E48D /* Resources */ = {
			isa = PBXResourcesBuildPhase;
			buildActionMask = 2147483647;
			files = (
				59A37EA820BD50AD0050E48D /* LaunchScreen.storyboard in Resources */,
				59A37EA520BD50AD0050E48D /* Assets.xcassets in Resources */,
				59A37EB020BD51610050E48D /* Storyboard_iPad.storyboard in Resources */,
				5996962920CBD157000925BA /* Main.storyboard in Resources */,
			);
			runOnlyForDeploymentPostprocessing = 0;
		};
/* End PBXResourcesBuildPhase section */

/* Begin PBXSourcesBuildPhase section */
		59A37E9420BD50AA0050E48D /* Sources */ = {
			isa = PBXSourcesBuildPhase;
			buildActionMask = 2147483647;
			files = (
				59DD2C602194BADC0025DF9D /* FilterDataViewController.swift in Sources */,
				591D0F492176EB8800E8EE73 /* DataViewController.swift in Sources */,
				59A37E9C20BD50AA0050E48D /* AppDelegate.swift in Sources */,
				59921C21219F487E00767876 /* FilterDataViewDelegate.swift in Sources */,
				595E2FE420CBE171008CC937 /* InfoTableView.swift in Sources */,
				59D21E9621A27360009FAC63 /* SchoolDetailView.swift in Sources */,
				591D320120C2D5460045205D /* DownloadViewController.swift in Sources */,
				59DA9D6A20D0CC4000FCC2B9 /* InfoContainerView.swift in Sources */,
				59A37E9E20BD50AA0050E48D /* MapViewController.swift in Sources */,
				591D320520C2D6FB0045205D /* InfoViewController.swift in Sources */,
			);
			runOnlyForDeploymentPostprocessing = 0;
		};
/* End PBXSourcesBuildPhase section */

/* Begin PBXVariantGroup section */
		59A37EA620BD50AD0050E48D /* LaunchScreen.storyboard */ = {
			isa = PBXVariantGroup;
			children = (
				59A37EA720BD50AD0050E48D /* Base */,
			);
			name = LaunchScreen.storyboard;
			sourceTree = "<group>";
		};
/* End PBXVariantGroup section */

/* Begin XCBuildConfiguration section */
		59A37EAA20BD50AD0050E48D /* Debug */ = {
			isa = XCBuildConfiguration;
			buildSettings = {
				ALWAYS_SEARCH_USER_PATHS = NO;
				CLANG_ANALYZER_NONNULL = YES;
				CLANG_ANALYZER_NUMBER_OBJECT_CONVERSION = YES_AGGRESSIVE;
				CLANG_CXX_LANGUAGE_STANDARD = "gnu++14";
				CLANG_CXX_LIBRARY = "libc++";
				CLANG_ENABLE_MODULES = YES;
				CLANG_ENABLE_OBJC_ARC = YES;
				CLANG_ENABLE_OBJC_WEAK = YES;
				CLANG_WARN_BLOCK_CAPTURE_AUTORELEASING = YES;
				CLANG_WARN_BOOL_CONVERSION = YES;
				CLANG_WARN_COMMA = YES;
				CLANG_WARN_CONSTANT_CONVERSION = YES;
				CLANG_WARN_DEPRECATED_OBJC_IMPLEMENTATIONS = YES;
				CLANG_WARN_DIRECT_OBJC_ISA_USAGE = YES_ERROR;
				CLANG_WARN_DOCUMENTATION_COMMENTS = YES;
				CLANG_WARN_EMPTY_BODY = YES;
				CLANG_WARN_ENUM_CONVERSION = YES;
				CLANG_WARN_INFINITE_RECURSION = YES;
				CLANG_WARN_INT_CONVERSION = YES;
				CLANG_WARN_NON_LITERAL_NULL_CONVERSION = YES;
				CLANG_WARN_OBJC_IMPLICIT_RETAIN_SELF = YES;
				CLANG_WARN_OBJC_LITERAL_CONVERSION = YES;
				CLANG_WARN_OBJC_ROOT_CLASS = YES_ERROR;
				CLANG_WARN_RANGE_LOOP_ANALYSIS = YES;
				CLANG_WARN_STRICT_PROTOTYPES = YES;
				CLANG_WARN_SUSPICIOUS_MOVE = YES;
				CLANG_WARN_UNGUARDED_AVAILABILITY = YES_AGGRESSIVE;
				CLANG_WARN_UNREACHABLE_CODE = YES;
				CLANG_WARN__DUPLICATE_METHOD_MATCH = YES;
				CODE_SIGN_IDENTITY = "iPhone Developer";
				COPY_PHASE_STRIP = NO;
				DEBUG_INFORMATION_FORMAT = dwarf;
				ENABLE_STRICT_OBJC_MSGSEND = YES;
				ENABLE_TESTABILITY = YES;
				GCC_C_LANGUAGE_STANDARD = gnu11;
				GCC_DYNAMIC_NO_PIC = NO;
				GCC_NO_COMMON_BLOCKS = YES;
				GCC_OPTIMIZATION_LEVEL = 0;
				GCC_PREPROCESSOR_DEFINITIONS = (
					"DEBUG=1",
					"$(inherited)",
				);
				GCC_WARN_64_TO_32_BIT_CONVERSION = YES;
				GCC_WARN_ABOUT_RETURN_TYPE = YES_ERROR;
				GCC_WARN_UNDECLARED_SELECTOR = YES;
				GCC_WARN_UNINITIALIZED_AUTOS = YES_AGGRESSIVE;
				GCC_WARN_UNUSED_FUNCTION = YES;
				GCC_WARN_UNUSED_VARIABLE = YES;
				IPHONEOS_DEPLOYMENT_TARGET = 11.3;
				MTL_ENABLE_DEBUG_INFO = YES;
				ONLY_ACTIVE_ARCH = YES;
				SDKROOT = iphoneos;
				SWIFT_ACTIVE_COMPILATION_CONDITIONS = DEBUG;
				SWIFT_OPTIMIZATION_LEVEL = "-Onone";
			};
			name = Debug;
		};
		59A37EAB20BD50AD0050E48D /* Release */ = {
			isa = XCBuildConfiguration;
			buildSettings = {
				ALWAYS_SEARCH_USER_PATHS = NO;
				CLANG_ANALYZER_NONNULL = YES;
				CLANG_ANALYZER_NUMBER_OBJECT_CONVERSION = YES_AGGRESSIVE;
				CLANG_CXX_LANGUAGE_STANDARD = "gnu++14";
				CLANG_CXX_LIBRARY = "libc++";
				CLANG_ENABLE_MODULES = YES;
				CLANG_ENABLE_OBJC_ARC = YES;
				CLANG_ENABLE_OBJC_WEAK = YES;
				CLANG_WARN_BLOCK_CAPTURE_AUTORELEASING = YES;
				CLANG_WARN_BOOL_CONVERSION = YES;
				CLANG_WARN_COMMA = YES;
				CLANG_WARN_CONSTANT_CONVERSION = YES;
				CLANG_WARN_DEPRECATED_OBJC_IMPLEMENTATIONS = YES;
				CLANG_WARN_DIRECT_OBJC_ISA_USAGE = YES_ERROR;
				CLANG_WARN_DOCUMENTATION_COMMENTS = YES;
				CLANG_WARN_EMPTY_BODY = YES;
				CLANG_WARN_ENUM_CONVERSION = YES;
				CLANG_WARN_INFINITE_RECURSION = YES;
				CLANG_WARN_INT_CONVERSION = YES;
				CLANG_WARN_NON_LITERAL_NULL_CONVERSION = YES;
				CLANG_WARN_OBJC_IMPLICIT_RETAIN_SELF = YES;
				CLANG_WARN_OBJC_LITERAL_CONVERSION = YES;
				CLANG_WARN_OBJC_ROOT_CLASS = YES_ERROR;
				CLANG_WARN_RANGE_LOOP_ANALYSIS = YES;
				CLANG_WARN_STRICT_PROTOTYPES = YES;
				CLANG_WARN_SUSPICIOUS_MOVE = YES;
				CLANG_WARN_UNGUARDED_AVAILABILITY = YES_AGGRESSIVE;
				CLANG_WARN_UNREACHABLE_CODE = YES;
				CLANG_WARN__DUPLICATE_METHOD_MATCH = YES;
				CODE_SIGN_IDENTITY = "iPhone Developer";
				COPY_PHASE_STRIP = NO;
				DEBUG_INFORMATION_FORMAT = "dwarf-with-dsym";
				ENABLE_NS_ASSERTIONS = NO;
				ENABLE_STRICT_OBJC_MSGSEND = YES;
				GCC_C_LANGUAGE_STANDARD = gnu11;
				GCC_NO_COMMON_BLOCKS = YES;
				GCC_WARN_64_TO_32_BIT_CONVERSION = YES;
				GCC_WARN_ABOUT_RETURN_TYPE = YES_ERROR;
				GCC_WARN_UNDECLARED_SELECTOR = YES;
				GCC_WARN_UNINITIALIZED_AUTOS = YES_AGGRESSIVE;
				GCC_WARN_UNUSED_FUNCTION = YES;
				GCC_WARN_UNUSED_VARIABLE = YES;
				IPHONEOS_DEPLOYMENT_TARGET = 11.3;
				MTL_ENABLE_DEBUG_INFO = NO;
				SDKROOT = iphoneos;
				SWIFT_COMPILATION_MODE = wholemodule;
				SWIFT_OPTIMIZATION_LEVEL = "-O";
				VALIDATE_PRODUCT = YES;
			};
			name = Release;
		};
		59A37EAD20BD50AD0050E48D /* Debug */ = {
			isa = XCBuildConfiguration;
			buildSettings = {
				ASSETCATALOG_COMPILER_APPICON_NAME = AppIcon;
				CODE_SIGN_STYLE = Automatic;
				DEVELOPMENT_TEAM = PM6R3BPDX5;
				INFOPLIST_FILE = Lunis/Info.plist;
				IPHONEOS_DEPLOYMENT_TARGET = 11.4;
				LD_RUNPATH_SEARCH_PATHS = (
					"$(inherited)",
					"@executable_path/Frameworks",
				);
				PRODUCT_BUNDLE_IDENTIFIER = jagodki.Lunis;
				PRODUCT_NAME = "$(TARGET_NAME)";
				SDKROOT = iphoneos;
				SWIFT_VERSION = 4.0;
				TARGETED_DEVICE_FAMILY = "1,2";
			};
			name = Debug;
		};
		59A37EAE20BD50AD0050E48D /* Release */ = {
			isa = XCBuildConfiguration;
			buildSettings = {
				ASSETCATALOG_COMPILER_APPICON_NAME = AppIcon;
				CODE_SIGN_STYLE = Automatic;
				DEVELOPMENT_TEAM = PM6R3BPDX5;
				INFOPLIST_FILE = Lunis/Info.plist;
				IPHONEOS_DEPLOYMENT_TARGET = 11.4;
				LD_RUNPATH_SEARCH_PATHS = (
					"$(inherited)",
					"@executable_path/Frameworks",
				);
				PRODUCT_BUNDLE_IDENTIFIER = jagodki.Lunis;
				PRODUCT_NAME = "$(TARGET_NAME)";
				SDKROOT = iphoneos;
				SWIFT_VERSION = 4.0;
				TARGETED_DEVICE_FAMILY = "1,2";
			};
			name = Release;
		};
/* End XCBuildConfiguration section */

/* Begin XCConfigurationList section */
		59A37E9320BD50AA0050E48D /* Build configuration list for PBXProject "Lunis" */ = {
			isa = XCConfigurationList;
			buildConfigurations = (
				59A37EAA20BD50AD0050E48D /* Debug */,
				59A37EAB20BD50AD0050E48D /* Release */,
			);
			defaultConfigurationIsVisible = 0;
			defaultConfigurationName = Release;
		};
		59A37EAC20BD50AD0050E48D /* Build configuration list for PBXNativeTarget "Lunis" */ = {
			isa = XCConfigurationList;
			buildConfigurations = (
				59A37EAD20BD50AD0050E48D /* Debug */,
				59A37EAE20BD50AD0050E48D /* Release */,
			);
			defaultConfigurationIsVisible = 0;
			defaultConfigurationName = Release;
		};
/* End XCConfigurationList section */
	};
	rootObject = 59A37E9020BD50AA0050E48D /* Project object */;
}
